# This file is automatically @generated by Cargo.
# It is not intended for manual editing.
[[package]]
name = "if-kakao-program-getter"
version = "0.1.0"
dependencies = [
 "json 0.12.0 (registry+https://github.com/rust-lang/crates.io-index)",
]

[[package]]
name = "json"
version = "0.12.0"
source = "registry+https://github.com/rust-lang/crates.io-index"

[metadata]
"checksum json 0.12.0 (registry+https://github.com/rust-lang/crates.io-index)" = "b3ca41abbeb7615d56322a984e63be5e5d0a117dfaca86c14393e32a762ccac1"
